
Microsoft Visual Studio Solution File, Format Version 12.00
# Visual Studio Version 16
VisualStudioVersion = 16.0.30611.23
MinimumVisualStudioVersion = 10.0.40219.1
Project("{9A19103F-16F7-4668-BE54-9A1E7A4F7556}") = "ShelvesAndBooks", "ShelvesAndBooks.csproj", "{DCCA1D8C-E784-4AEA-99A7-D2DD96CB819F}"
EndProject
Global
	GlobalSection(SolutionConfigurationPlatforms) = preSolution
		Debug|Any CPU = Debug|Any CPU
		Release|Any CPU = Release|Any CPU
	EndGlobalSection
	GlobalSection(ProjectConfigurationPlatforms) = postSolution
		{DCCA1D8C-E784-4AEA-99A7-D2DD96CB819F}.Debug|Any CPU.ActiveCfg = Debug|Any CPU
		{DCCA1D8C-E784-4AEA-99A7-D2DD96CB819F}.Debug|Any CPU.Build.0 = Debug|Any CPU
		{DCCA1D8C-E784-4AEA-99A7-D2DD96CB819F}.Release|Any CPU.ActiveCfg = Release|Any CPU
		{DCCA1D8C-E784-4AEA-99A7-D2DD96CB819F}.Release|Any CPU.Build.0 = Release|Any CPU
	EndGlobalSection
	GlobalSection(SolutionProperties) = preSolution
		HideSolutionNode = FALSE
	EndGlobalSection
	GlobalSection(ExtensibilityGlobals) = postSolution
		SolutionGuid = {76913226-8518-4BD5-95B2-BFC375EFA254}
	EndGlobalSection
EndGlobal
